<?xml version="1.0" encoding="utf-8"?>
<Project ToolsVersion="4.0" xmlns="http://schemas.microsoft.com/developer/msbuild/2003">
  <ItemGroup>
    <Filter Include="리소스 파일">
      <UniqueIdentifier>{67DA6AB6-F800-4c08-8B7A-83BB121AAD01}</UniqueIdentifier>
      <Extensions>rc;ico;cur;bmp;dlg;rc2;rct;bin;rgs;gif;jpg;jpeg;jpe;resx;tiff;tif;png;wav;mfcribbon-ms</Extensions>
    </Filter>
    <Filter Include="UI">
      <UniqueIdentifier>{515e5719-c128-49ec-814c-77cdd58a51a0}</UniqueIdentifier>
    </Filter>
    <Filter Include="UI\Option">
      <UniqueIdentifier>{74236b98-087b-4ed1-b4c7-39cc173c66d7}</UniqueIdentifier>
    </Filter>
    <Filter Include="UI\Main">
      <UniqueIdentifier>{855af042-340d-4e4f-9b6e-fb821ec6843c}</UniqueIdentifier>
    </Filter>
    <Filter Include="UI\Scenario">
      <UniqueIdentifier>{7d0d78c7-ac9e-4e52-9eea-f8cb9e7fa1f5}</UniqueIdentifier>
    </Filter>
    <Filter Include="UI\Drag">
      <UniqueIdentifier>{c26f9063-ec99-412b-9858-20568bf3656f}</UniqueIdentifier>
    </Filter>
    <Filter Include="Default">
      <UniqueIdentifier>{ae71a8a3-8167-4acf-9177-d2fc6895acc2}</UniqueIdentifier>
    </Filter>
    <Filter Include="UI\Scenario\Timeline">
      <UniqueIdentifier>{d62dce94-0cef-4e05-8227-ead3c9682af7}</UniqueIdentifier>
    </Filter>
    <Filter Include="Manager">
      <UniqueIdentifier>{62975cb7-9ebb-4ed0-be2d-29b6abd4900e}</UniqueIdentifier>
    </Filter>
    <Filter Include="Manager\DBManager">
      <UniqueIdentifier>{590fb245-9a7d-4816-951e-56db7905bd9f}</UniqueIdentifier>
    </Filter>
    <Filter Include="Manager\DBManager\TransactionNameDefine">
      <UniqueIdentifier>{c294166e-fe9d-4610-a46d-c946e94a2e6e}</UniqueIdentifier>
    </Filter>
    <Filter Include="Manager\UI Manager">
      <UniqueIdentifier>{a961efcf-df52-49bf-8bb4-cb1ed56b6573}</UniqueIdentifier>
    </Filter>
    <Filter Include="UI\Scenario\OneView">
      <UniqueIdentifier>{d4af6135-4438-4046-86eb-24564c986f55}</UniqueIdentifier>
    </Filter>
    <Filter Include="Manager\LOGManager">
      <UniqueIdentifier>{bf802dc0-6bc2-4173-8274-aa855ead86d6}</UniqueIdentifier>
    </Filter>
    <Filter Include="UI\Log">
      <UniqueIdentifier>{b60f0481-0659-49fc-90ba-93748a6b3f1f}</UniqueIdentifier>
    </Filter>
    <Filter Include="OfficeAutomation">
      <UniqueIdentifier>{b3ab130e-a551-4e13-ba40-0483ef8e982f}</UniqueIdentifier>
    </Filter>
    <Filter Include="OfficeAutomation\Manager">
      <UniqueIdentifier>{b493068a-4223-4163-9144-58a7b7c42816}</UniqueIdentifier>
    </Filter>
    <Filter Include="OfficeAutomation\include">
      <UniqueIdentifier>{e1af447d-6026-4d3d-985c-b2d2713a823d}</UniqueIdentifier>
    </Filter>
    <Filter Include="OfficeAutomation\include\Excel">
      <UniqueIdentifier>{bceb4b76-4a26-449e-96a6-7c4304e4d144}</UniqueIdentifier>
    </Filter>
    <Filter Include="OfficeAutomation\include\Word">
      <UniqueIdentifier>{5e0f1214-bf21-44fd-aa07-6cefe7fecdf2}</UniqueIdentifier>
    </Filter>
    <Filter Include="리소스 파일\이미지">
      <UniqueIdentifier>{4f4e47bd-1f2b-4527-b9c6-a51046183e92}</UniqueIdentifier>
    </Filter>
    <Filter Include="UI\ETC">
      <UniqueIdentifier>{2e13e3fb-2cd0-441e-9a04-e6f15fbdda68}</UniqueIdentifier>
    </Filter>
    <Filter Include="UI\CustomControl">
      <UniqueIdentifier>{5bec8b1c-58ab-4ff6-8221-4a44650b6159}</UniqueIdentifier>
    </Filter>
  </ItemGroup>
  <ItemGroup>
    <ClInclude Include="BOKOOptionDlg.h">
      <Filter>UI\Option</Filter>
    </ClInclude>
    <ClInclude Include="BOKOPadDlg.h">
      <Filter>UI\Main</Filter>
    </ClInclude>
    <ClInclude Include="BOKOOptionScenarioExportDlg.h">
      <Filter>UI\Option</Filter>
    </ClInclude>
    <ClInclude Include="BOKOScenarioDetailDlg.h">
      <Filter>UI\Scenario</Filter>
    </ClInclude>
    <ClInclude Include="NoteListCtrl.h">
      <Filter>UI\Scenario</Filter>
    </ClInclude>
    <ClInclude Include="BOKODragDlg.h">
      <Filter>UI\Drag</Filter>
    </ClInclude>
    <ClInclude Include="BOKOPad.h">
      <Filter>Default</Filter>
    </ClInclude>
    <ClInclude Include="framework.h">
      <Filter>Default</Filter>
    </ClInclude>
    <ClInclude Include="pch.h">
      <Filter>Default</Filter>
    </ClInclude>
    <ClInclude Include="Resource.h">
      <Filter>Default</Filter>
    </ClInclude>
    <ClInclude Include="targetver.h">
      <Filter>Default</Filter>
    </ClInclude>
    <ClInclude Include="Timeline.h">
      <Filter>UI\Scenario\Timeline</Filter>
    </ClInclude>
    <ClInclude Include="TimelineDetail.h">
      <Filter>UI\Scenario\Timeline</Filter>
    </ClInclude>
    <ClInclude Include="BOKOTimelineOneViewDlg.h">
      <Filter>UI\Scenario\OneView</Filter>
    </ClInclude>
    <ClInclude Include="OneViewList.h">
      <Filter>UI\Scenario\OneView</Filter>
    </ClInclude>
    <ClInclude Include="BOKOLogViewDlg.h">
      <Filter>UI\Log</Filter>
    </ClInclude>
    <ClInclude Include="BOKOProgressPopup.h">
      <Filter>UI\Log</Filter>
    </ClInclude>
    <ClInclude Include="OfficeAutomation\Manager\OfficeAutomationInterface.h">
      <Filter>OfficeAutomation\Manager</Filter>
    </ClInclude>
    <ClInclude Include="OfficeAutomation\Manager\ExcelAutomationManager.h">
      <Filter>OfficeAutomation\Manager</Filter>
    </ClInclude>
    <ClInclude Include="OfficeAutomation\Manager\WordAutomationManager.h">
      <Filter>OfficeAutomation\Manager</Filter>
    </ClInclude>
    <ClInclude Include="OfficeAutomation\CExcel\CApplication.h">
      <Filter>OfficeAutomation\include\Excel</Filter>
    </ClInclude>
    <ClInclude Include="OfficeAutomation\CExcel\CBorder.h">
      <Filter>OfficeAutomation\include\Excel</Filter>
    </ClInclude>
    <ClInclude Include="OfficeAutomation\CExcel\CBorders.h">
      <Filter>OfficeAutomation\include\Excel</Filter>
    </ClInclude>
    <ClInclude Include="OfficeAutomation\CExcel\CCellFormat.h">
      <Filter>OfficeAutomation\include\Excel</Filter>
    </ClInclude>
    <ClInclude Include="OfficeAutomation\CExcel\CChart.h">
      <Filter>OfficeAutomation\include\Excel</Filter>
    </ClInclude>
    <ClInclude Include="OfficeAutomation\CExcel\CChartColorFormat.h">
      <Filter>OfficeAutomation\include\Excel</Filter>
    </ClInclude>
    <ClInclude Include="OfficeAutomation\CExcel\CChartFillFormat.h">
      <Filter>OfficeAutomation\include\Excel</Filter>
    </ClInclude>
    <ClInclude Include="OfficeAutomation\CExcel\CCharts.h">
      <Filter>OfficeAutomation\include\Excel</Filter>
    </ClInclude>
    <ClInclude Include="OfficeAutomation\CExcel\CChartTitle.h">
      <Filter>OfficeAutomation\include\Excel</Filter>
    </ClInclude>
    <ClInclude Include="OfficeAutomation\CExcel\CFont0.h">
      <Filter>OfficeAutomation\include\Excel</Filter>
    </ClInclude>
    <ClInclude Include="OfficeAutomation\CExcel\CHPageBreak.h">
      <Filter>OfficeAutomation\include\Excel</Filter>
    </ClInclude>
    <ClInclude Include="OfficeAutomation\CExcel\CHPageBreaks.h">
      <Filter>OfficeAutomation\include\Excel</Filter>
    </ClInclude>
    <ClInclude Include="OfficeAutomation\CExcel\CLegend.h">
      <Filter>OfficeAutomation\include\Excel</Filter>
    </ClInclude>
    <ClInclude Include="OfficeAutomation\CExcel\CLegendEntry.h">
      <Filter>OfficeAutomation\include\Excel</Filter>
    </ClInclude>
    <ClInclude Include="OfficeAutomation\CExcel\CLegendKey.h">
      <Filter>OfficeAutomation\include\Excel</Filter>
    </ClInclude>
    <ClInclude Include="OfficeAutomation\CExcel\Cnterior.h">
      <Filter>OfficeAutomation\include\Excel</Filter>
    </ClInclude>
    <ClInclude Include="OfficeAutomation\CExcel\CPoint0.h">
      <Filter>OfficeAutomation\include\Excel</Filter>
    </ClInclude>
    <ClInclude Include="OfficeAutomation\CExcel\CRange.h">
      <Filter>OfficeAutomation\include\Excel</Filter>
    </ClInclude>
    <ClInclude Include="OfficeAutomation\CExcel\CSeries.h">
      <Filter>OfficeAutomation\include\Excel</Filter>
    </ClInclude>
    <ClInclude Include="OfficeAutomation\CExcel\CStyle.h">
      <Filter>OfficeAutomation\include\Excel</Filter>
    </ClInclude>
    <ClInclude Include="OfficeAutomation\CExcel\CStyles.h">
      <Filter>OfficeAutomation\include\Excel</Filter>
    </ClInclude>
    <ClInclude Include="OfficeAutomation\CExcel\CVPageBreak.h">
      <Filter>OfficeAutomation\include\Excel</Filter>
    </ClInclude>
    <ClInclude Include="OfficeAutomation\CExcel\CVPageBreaks.h">
      <Filter>OfficeAutomation\include\Excel</Filter>
    </ClInclude>
    <ClInclude Include="OfficeAutomation\CExcel\CWindow0.h">
      <Filter>OfficeAutomation\include\Excel</Filter>
    </ClInclude>
    <ClInclude Include="OfficeAutomation\CExcel\CWindows.h">
      <Filter>OfficeAutomation\include\Excel</Filter>
    </ClInclude>
    <ClInclude Include="OfficeAutomation\CExcel\CWorkbook.h">
      <Filter>OfficeAutomation\include\Excel</Filter>
    </ClInclude>
    <ClInclude Include="OfficeAutomation\CExcel\CWorkbooks.h">
      <Filter>OfficeAutomation\include\Excel</Filter>
    </ClInclude>
    <ClInclude Include="OfficeAutomation\CExcel\CWorksheet.h">
      <Filter>OfficeAutomation\include\Excel</Filter>
    </ClInclude>
    <ClInclude Include="OfficeAutomation\CExcel\CWorksheets.h">
      <Filter>OfficeAutomation\include\Excel</Filter>
    </ClInclude>
    <ClInclude Include="OfficeAutomation\CWord\CApplication0.h">
      <Filter>OfficeAutomation\include\Word</Filter>
    </ClInclude>
    <ClInclude Include="OfficeAutomation\CWord\CDocument0.h">
      <Filter>OfficeAutomation\include\Word</Filter>
    </ClInclude>
    <ClInclude Include="OfficeAutomation\CWord\CDocuments.h">
      <Filter>OfficeAutomation\include\Word</Filter>
    </ClInclude>
    <ClInclude Include="OfficeAutomation\CWord\CFont1.h">
      <Filter>OfficeAutomation\include\Word</Filter>
    </ClInclude>
    <ClInclude Include="OfficeAutomation\CWord\CRange0.h">
      <Filter>OfficeAutomation\include\Word</Filter>
    </ClInclude>
    <ClInclude Include="OfficeAutomation\CWord\CSection.h">
      <Filter>OfficeAutomation\include\Word</Filter>
    </ClInclude>
    <ClInclude Include="OfficeAutomation\CWord\CSelection.h">
      <Filter>OfficeAutomation\include\Word</Filter>
    </ClInclude>
    <ClInclude Include="OfficeAutomation\CWord\CShape.h">
      <Filter>OfficeAutomation\include\Word</Filter>
    </ClInclude>
    <ClInclude Include="OfficeAutomation\CWord\CShapes.h">
      <Filter>OfficeAutomation\include\Word</Filter>
    </ClInclude>
    <ClInclude Include="OfficeAutomation\CWord\CTable0.h">
      <Filter>OfficeAutomation\include\Word</Filter>
    </ClInclude>
    <ClInclude Include="OfficeAutomation\CWord\CTables0.h">
      <Filter>OfficeAutomation\include\Word</Filter>
    </ClInclude>
    <ClInclude Include="BOKOManager\DBManager\TransactionNameDefine.h">
      <Filter>Manager\DBManager\TransactionNameDefine</Filter>
    </ClInclude>
    <ClInclude Include="BOKOManager\DBManager\DBManagerManagement.h">
      <Filter>Manager\DBManager</Filter>
    </ClInclude>
    <ClInclude Include="BOKOManager\DBManager\NoteDBManager.h">
      <Filter>Manager\DBManager</Filter>
    </ClInclude>
    <ClInclude Include="BOKOManager\DBManager\ScenarioDBManager.h">
      <Filter>Manager\DBManager</Filter>
    </ClInclude>
    <ClInclude Include="BOKOManager\DBManager\TimelineDBManager.h">
      <Filter>Manager\DBManager</Filter>
    </ClInclude>
    <ClInclude Include="BOKOManager\LOGManager\LogManager.h">
      <Filter>Manager\LOGManager</Filter>
    </ClInclude>
    <ClInclude Include="BOKOManager\UIManager\ScenarioUIManager.h">
      <Filter>Manager\UI Manager</Filter>
    </ClInclude>
    <ClInclude Include="BOKOManager\UIManager\TimelineUIManager.h">
      <Filter>Manager\UI Manager</Filter>
    </ClInclude>
    <ClInclude Include="BOKOManager\UIManager\UIManagerManagement.h">
      <Filter>Manager\UI Manager</Filter>
    </ClInclude>
    <ClInclude Include="BOKOManager\UIManager\NoteUIManager.h">
      <Filter>Manager\UI Manager</Filter>
    </ClInclude>
    <ClInclude Include="OfficeAutomation\CWord\CCell.h">
      <Filter>OfficeAutomation\include\Word</Filter>
    </ClInclude>
    <ClInclude Include="OfficeAutomation\CWord\CCells.h">
      <Filter>OfficeAutomation\include\Word</Filter>
    </ClInclude>
    <ClInclude Include="DrawButton\CGdiPlusBitmap.h">
      <Filter>UI\CustomControl</Filter>
    </ClInclude>
    <ClInclude Include="DrawButton\GdipButton.h">
      <Filter>UI\CustomControl</Filter>
    </ClInclude>
    <ClInclude Include="DrawButton\MemDC.h">
      <Filter>UI\CustomControl</Filter>
    </ClInclude>
    <ClInclude Include="CustomEdit.h">
      <Filter>UI\CustomControl</Filter>
    </ClInclude>
    <ClInclude Include="CustomButton.h">
      <Filter>UI\CustomControl</Filter>
    </ClInclude>
    <ClInclude Include="CustomStatic.h">
      <Filter>UI\CustomControl</Filter>
    </ClInclude>
    <ClInclude Include="BOKOSelectExtentionDlg.h">
      <Filter>UI\Scenario\OneView</Filter>
    </ClInclude>
    <ClInclude Include="DlgInterface.h">
      <Filter>UI\ETC</Filter>
    </ClInclude>
    <ClInclude Include="NoteListInterface.h">
      <Filter>UI\ETC</Filter>
    </ClInclude>
    <ClInclude Include="ScrollProcess.h">
      <Filter>UI\ETC</Filter>
    </ClInclude>
    <ClInclude Include="CustomMenu.h">
      <Filter>UI\CustomControl</Filter>
    </ClInclude>
  </ItemGroup>
  <ItemGroup>
    <ClCompile Include="BOKOOptionDlg.cpp">
      <Filter>UI\Option</Filter>
    </ClCompile>
    <ClCompile Include="BOKOPadDlg.cpp">
      <Filter>UI\Main</Filter>
    </ClCompile>
    <ClCompile Include="BOKOOptionScenarioExportDlg.cpp">
      <Filter>UI\Option</Filter>
    </ClCompile>
    <ClCompile Include="BOKOScenarioDetailDlg.cpp">
      <Filter>UI\Scenario</Filter>
    </ClCompile>
    <ClCompile Include="NoteListCtrl.cpp">
      <Filter>UI\Scenario</Filter>
    </ClCompile>
    <ClCompile Include="BOKODragDlg.cpp">
      <Filter>UI\Drag</Filter>
    </ClCompile>
    <ClCompile Include="BOKOPad.cpp">
      <Filter>Default</Filter>
    </ClCompile>
    <ClCompile Include="pch.cpp">
      <Filter>Default</Filter>
    </ClCompile>
    <ClCompile Include="Timeline.cpp">
      <Filter>UI\Scenario\Timeline</Filter>
    </ClCompile>
    <ClCompile Include="TimelineDetail.cpp">
      <Filter>UI\Scenario\Timeline</Filter>
    </ClCompile>
    <ClCompile Include="BOKOTimelineOneViewDlg.cpp">
      <Filter>UI\Scenario\OneView</Filter>
    </ClCompile>
    <ClCompile Include="OneViewList.cpp">
      <Filter>UI\Scenario\OneView</Filter>
    </ClCompile>
    <ClCompile Include="BOKOLogViewDlg.cpp">
      <Filter>UI\Log</Filter>
    </ClCompile>
    <ClCompile Include="BOKOProgressPopup.cpp">
      <Filter>UI\Log</Filter>
    </ClCompile>
    <ClCompile Include="OfficeAutomation\Manager\ExcelAutomationManager.cpp">
      <Filter>OfficeAutomation\Manager</Filter>
    </ClCompile>
    <ClCompile Include="OfficeAutomation\Manager\WordAutomationManager.cpp">
      <Filter>OfficeAutomation\Manager</Filter>
    </ClCompile>
    <ClCompile Include="BOKOManager\DBManager\DBManagerManagement.cpp">
      <Filter>Manager\DBManager</Filter>
    </ClCompile>
    <ClCompile Include="BOKOManager\DBManager\NoteDBManager.cpp">
      <Filter>Manager\DBManager</Filter>
    </ClCompile>
    <ClCompile Include="BOKOManager\DBManager\ScenarioDBManager.cpp">
      <Filter>Manager\DBManager</Filter>
    </ClCompile>
    <ClCompile Include="BOKOManager\DBManager\TimelineDBManager.cpp">
      <Filter>Manager\DBManager</Filter>
    </ClCompile>
    <ClCompile Include="BOKOManager\LOGManager\LogManager.cpp">
      <Filter>Manager\LOGManager</Filter>
    </ClCompile>
    <ClCompile Include="BOKOManager\UIManager\ScenarioUIManager.cpp">
      <Filter>Manager\UI Manager</Filter>
    </ClCompile>
    <ClCompile Include="BOKOManager\UIManager\TimelineUIManager.cpp">
      <Filter>Manager\UI Manager</Filter>
    </ClCompile>
    <ClCompile Include="BOKOManager\UIManager\UIManagerManagement.cpp">
      <Filter>Manager\UI Manager</Filter>
    </ClCompile>
    <ClCompile Include="BOKOManager\UIManager\NoteUIManager.cpp">
      <Filter>Manager\UI Manager</Filter>
    </ClCompile>
    <ClCompile Include="DrawButton\GdipButton.cpp">
      <Filter>UI\CustomControl</Filter>
    </ClCompile>
    <ClCompile Include="CustomEdit.cpp">
      <Filter>UI\CustomControl</Filter>
    </ClCompile>
    <ClCompile Include="CustomButton.cpp">
      <Filter>UI\CustomControl</Filter>
    </ClCompile>
    <ClCompile Include="CustomStatic.cpp">
      <Filter>UI\CustomControl</Filter>
    </ClCompile>
    <ClCompile Include="BOKOSelectExtentionDlg.cpp">
      <Filter>UI\Scenario\OneView</Filter>
    </ClCompile>
    <ClCompile Include="DlgInterface.cpp">
      <Filter>UI\ETC</Filter>
    </ClCompile>
    <ClCompile Include="ScrollProcess.cpp">
      <Filter>UI\ETC</Filter>
    </ClCompile>
    <ClCompile Include="CustomMenu.cpp">
      <Filter>UI\CustomControl</Filter>
    </ClCompile>
  </ItemGroup>
  <ItemGroup>
    <ResourceCompile Include="BOKOPad.rc">
      <Filter>리소스 파일</Filter>
    </ResourceCompile>
  </ItemGroup>
  <ItemGroup>
    <None Include="res\BOKOPad.rc2">
      <Filter>리소스 파일</Filter>
    </None>
  </ItemGroup>
  <ItemGroup>
    <Image Include="res\BOKOPad.ico">
      <Filter>리소스 파일</Filter>
    </Image>
    <Image Include="res\Excel.png">
      <Filter>리소스 파일\이미지</Filter>
    </Image>
    <Image Include="res\Notepad.png">
      <Filter>리소스 파일\이미지</Filter>
    </Image>
    <Image Include="res\Word.png">
      <Filter>리소스 파일\이미지</Filter>
    </Image>
    <Image Include="res\bottom.png">
      <Filter>리소스 파일\이미지</Filter>
    </Image>
    <Image Include="res\Cal.ico">
      <Filter>리소스 파일\이미지</Filter>
    </Image>
    <Image Include="res\Cal-5.png">
      <Filter>리소스 파일\이미지</Filter>
    </Image>
    <Image Include="res\Cal-6.png">
      <Filter>리소스 파일\이미지</Filter>
    </Image>
    <Image Include="res\left.png">
      <Filter>리소스 파일\이미지</Filter>
    </Image>
    <Image Include="res\right.png">
      <Filter>리소스 파일\이미지</Filter>
    </Image>
    <Image Include="res\title.png">
      <Filter>리소스 파일\이미지</Filter>
    </Image>
    <Image Include="res\test.png">
      <Filter>리소스 파일</Filter>
    </Image>
    <Image Include="res\test2.png">
      <Filter>리소스 파일</Filter>
    </Image>
  </ItemGroup>
</Project>