<?xml version="1.0" encoding="utf-8"?>
<Project ToolsVersion="4.0" xmlns="http://schemas.microsoft.com/developer/msbuild/2003">
  <ItemGroup>
    <Filter Include="소스 파일">
      <UniqueIdentifier>{4FC737F1-C7A5-4376-A066-2A32D752A2FF}</UniqueIdentifier>
      <Extensions>cpp;c;cc;cxx;def;odl;idl;hpj;bat;asm;asmx</Extensions>
    </Filter>
    <Filter Include="헤더 파일">
      <UniqueIdentifier>{93995380-89BD-4b04-88EB-625FBE52EBFB}</UniqueIdentifier>
      <Extensions>h;hh;hpp;hxx;hm;inl;inc;ipp;xsd</Extensions>
    </Filter>
    <Filter Include="리소스 파일">
      <UniqueIdentifier>{67DA6AB6-F800-4c08-8B7A-83BB121AAD01}</UniqueIdentifier>
      <Extensions>rc;ico;cur;bmp;dlg;rc2;rct;bin;rgs;gif;jpg;jpeg;jpe;resx;tiff;tif;png;wav;mfcribbon-ms</Extensions>
    </Filter>
    <Filter Include="include">
      <UniqueIdentifier>{b78f922f-cef2-4129-85ee-5bc1cb3f05b7}</UniqueIdentifier>
    </Filter>
    <Filter Include="View">
      <UniqueIdentifier>{515e5719-c128-49ec-814c-77cdd58a51a0}</UniqueIdentifier>
    </Filter>
    <Filter Include="Controller">
      <UniqueIdentifier>{c6b5b1dc-9393-471f-9a3e-8b8f14682a19}</UniqueIdentifier>
    </Filter>
    <Filter Include="Model">
      <UniqueIdentifier>{2c5a7a55-0546-441a-a1e7-4784e17cdb3b}</UniqueIdentifier>
    </Filter>
    <Filter Include="Service">
      <UniqueIdentifier>{3de9c9b6-0a20-49ed-81c1-4d3fdb770da4}</UniqueIdentifier>
    </Filter>
    <Filter Include="Model\DefineQuery">
      <UniqueIdentifier>{3085219c-48d8-4e43-92fe-91700c3bfd81}</UniqueIdentifier>
    </Filter>
    <Filter Include="Model\VO">
      <UniqueIdentifier>{f7bfe8e6-7366-4c19-8a65-f7a5783926c3}</UniqueIdentifier>
    </Filter>
    <Filter Include="Model\DAO">
      <UniqueIdentifier>{4f1793b9-b0e9-47e6-a756-b796ce5aad19}</UniqueIdentifier>
    </Filter>
    <Filter Include="DataScope">
      <UniqueIdentifier>{f385d2b8-d993-4bac-b220-81c492f083b8}</UniqueIdentifier>
    </Filter>
    <Filter Include="Util">
      <UniqueIdentifier>{019e9355-1abf-495f-b6c1-aa73affcbd16}</UniqueIdentifier>
    </Filter>
  </ItemGroup>
  <ItemGroup>
    <ClInclude Include="BOKOPad.h">
      <Filter>헤더 파일</Filter>
    </ClInclude>
    <ClInclude Include="framework.h">
      <Filter>헤더 파일</Filter>
    </ClInclude>
    <ClInclude Include="targetver.h">
      <Filter>헤더 파일</Filter>
    </ClInclude>
    <ClInclude Include="Resource.h">
      <Filter>헤더 파일</Filter>
    </ClInclude>
    <ClInclude Include="pch.h">
      <Filter>헤더 파일</Filter>
    </ClInclude>
    <ClInclude Include="BOKOPadDlg.h">
      <Filter>View</Filter>
    </ClInclude>
    <ClInclude Include="MainDlgService.h">
      <Filter>Service</Filter>
    </ClInclude>
    <ClInclude Include="DlgController.h">
      <Filter>Controller</Filter>
    </ClInclude>
    <ClInclude Include="include\complex\ComplexXMLHandler.h">
      <Filter>include</Filter>
    </ClInclude>
    <ClInclude Include="include\complex\ComplexXMLNode.h">
      <Filter>include</Filter>
    </ClInclude>
    <ClInclude Include="include\complex\ComplexXMLParsor.h">
      <Filter>include</Filter>
    </ClInclude>
    <ClInclude Include="include\complex\framework.h">
      <Filter>include</Filter>
    </ClInclude>
    <ClInclude Include="include\complex\pch.h">
      <Filter>include</Filter>
    </ClInclude>
    <ClInclude Include="include\complex\ComplexCollection.h">
      <Filter>include</Filter>
    </ClInclude>
    <ClInclude Include="include\complex\ComplexCondition.h">
      <Filter>include</Filter>
    </ClInclude>
    <ClInclude Include="include\complex\ComplexConnectionPool.h">
      <Filter>include</Filter>
    </ClInclude>
    <ClInclude Include="include\complex\ComplexConvert.h">
      <Filter>include</Filter>
    </ClInclude>
    <ClInclude Include="include\complex\ComplexDatabase.h">
      <Filter>include</Filter>
    </ClInclude>
    <ClInclude Include="include\complex\ComplexDeque.h">
      <Filter>include</Filter>
    </ClInclude>
    <ClInclude Include="include\complex\ComplexException.h">
      <Filter>include</Filter>
    </ClInclude>
    <ClInclude Include="include\complex\ComplexFile.h">
      <Filter>include</Filter>
    </ClInclude>
    <ClInclude Include="include\complex\ComplexFormat.h">
      <Filter>include</Filter>
    </ClInclude>
    <ClInclude Include="include\complex\ComplexIn.h">
      <Filter>include</Filter>
    </ClInclude>
    <ClInclude Include="include\complex\ComplexIterator.h">
      <Filter>include</Filter>
    </ClInclude>
    <ClInclude Include="include\complex\ComplexLibrary.h">
      <Filter>include</Filter>
    </ClInclude>
    <ClInclude Include="include\complex\ComplexLinkedList.h">
      <Filter>include</Filter>
    </ClInclude>
    <ClInclude Include="include\complex\ComplexLock.h">
      <Filter>include</Filter>
    </ClInclude>
    <ClInclude Include="include\complex\ComplexLog.h">
      <Filter>include</Filter>
    </ClInclude>
    <ClInclude Include="include\complex\ComplexMap.h">
      <Filter>include</Filter>
    </ClInclude>
    <ClInclude Include="include\complex\ComplexNode.h">
      <Filter>include</Filter>
    </ClInclude>
    <ClInclude Include="include\complex\ComplexOut.h">
      <Filter>include</Filter>
    </ClInclude>
    <ClInclude Include="include\complex\ComplexPool.h">
      <Filter>include</Filter>
    </ClInclude>
    <ClInclude Include="include\complex\ComplexPrint.h">
      <Filter>include</Filter>
    </ClInclude>
    <ClInclude Include="include\complex\ComplexQueue.h">
      <Filter>include</Filter>
    </ClInclude>
    <ClInclude Include="include\complex\ComplexRandom.h">
      <Filter>include</Filter>
    </ClInclude>
    <ClInclude Include="include\complex\ComplexScanner.h">
      <Filter>include</Filter>
    </ClInclude>
    <ClInclude Include="include\complex\ComplexSet.h">
      <Filter>include</Filter>
    </ClInclude>
    <ClInclude Include="include\complex\ComplexSingleton.h">
      <Filter>include</Filter>
    </ClInclude>
    <ClInclude Include="include\complex\ComplexStack.h">
      <Filter>include</Filter>
    </ClInclude>
    <ClInclude Include="include\complex\ComplexString.h">
      <Filter>include</Filter>
    </ClInclude>
    <ClInclude Include="include\complex\ComplexStringTokenizer.h">
      <Filter>include</Filter>
    </ClInclude>
    <ClInclude Include="include\complex\ComplexSystem.h">
      <Filter>include</Filter>
    </ClInclude>
    <ClInclude Include="include\complex\ComplexThread.h">
      <Filter>include</Filter>
    </ClInclude>
    <ClInclude Include="include\complex\ComplexTime.h">
      <Filter>include</Filter>
    </ClInclude>
    <ClInclude Include="include\complex\ComplexUniqueQueue.h">
      <Filter>include</Filter>
    </ClInclude>
    <ClInclude Include="include\complex\ComplexUtility.h">
      <Filter>include</Filter>
    </ClInclude>
    <ClInclude Include="include\complex\ComplexVariant.h">
      <Filter>include</Filter>
    </ClInclude>
    <ClInclude Include="include\complex\ComplexVector.h">
      <Filter>include</Filter>
    </ClInclude>
    <ClInclude Include="include\sqlite3\sqlite3.h">
      <Filter>include</Filter>
    </ClInclude>
    <ClInclude Include="include\sqlite3\sqlite3ext.h">
      <Filter>include</Filter>
    </ClInclude>
    <ClInclude Include="QueryDefine.h">
      <Filter>Model\DefineQuery</Filter>
    </ClInclude>
    <ClInclude Include="ScenarioListVO.h">
      <Filter>Model\VO</Filter>
    </ClInclude>
    <ClInclude Include="NoteInformationVO.h">
      <Filter>Model\VO</Filter>
    </ClInclude>
    <ClInclude Include="DlgModel.h">
      <Filter>Model</Filter>
    </ClInclude>
    <ClInclude Include="MainDlgModelImp.h">
      <Filter>Model\DAO</Filter>
    </ClInclude>
    <ClInclude Include="ScenarioListDlgService.h">
      <Filter>Service</Filter>
    </ClInclude>
    <ClInclude Include="PadOptionVO.h">
      <Filter>Model\VO</Filter>
    </ClInclude>
    <ClInclude Include="DBDataKernel.h">
      <Filter>Model</Filter>
    </ClInclude>
    <ClInclude Include="RequestAttribute.h">
      <Filter>DataScope</Filter>
    </ClInclude>
    <ClInclude Include="SessionAttribute.h">
      <Filter>DataScope</Filter>
    </ClInclude>
    <ClInclude Include="DataScope.h">
      <Filter>DataScope</Filter>
    </ClInclude>
    <ClInclude Include="commonInclude.h">
      <Filter>헤더 파일</Filter>
    </ClInclude>
    <ClInclude Include="NoteInformationDlgService.h">
      <Filter>Service</Filter>
    </ClInclude>
    <ClInclude Include="ScenarioListDlgModelImp.h">
      <Filter>Model\DAO</Filter>
    </ClInclude>
    <ClInclude Include="NoteInformationDlgModelImp.h">
      <Filter>Model\DAO</Filter>
    </ClInclude>
  </ItemGroup>
  <ItemGroup>
    <ClCompile Include="BOKOPad.cpp">
      <Filter>소스 파일</Filter>
    </ClCompile>
    <ClCompile Include="pch.cpp">
      <Filter>소스 파일</Filter>
    </ClCompile>
    <ClCompile Include="BOKOPadDlg.cpp">
      <Filter>View</Filter>
    </ClCompile>
    <ClCompile Include="MainDlgService.cpp">
      <Filter>Service</Filter>
    </ClCompile>
    <ClCompile Include="DlgController.cpp">
      <Filter>Controller</Filter>
    </ClCompile>
    <ClCompile Include="include\sqlite3\sqlite3.c">
      <Filter>include</Filter>
    </ClCompile>
    <ClCompile Include="DlgModel.cpp">
      <Filter>Model</Filter>
    </ClCompile>
    <ClCompile Include="MainDlgModelImp.cpp">
      <Filter>Model\DAO</Filter>
    </ClCompile>
    <ClCompile Include="ScenarioListDlgService.cpp">
      <Filter>Service</Filter>
    </ClCompile>
    <ClCompile Include="DBDataKernel.cpp">
      <Filter>Model</Filter>
    </ClCompile>
    <ClCompile Include="NoteInformationDlgService.cpp">
      <Filter>Service</Filter>
    </ClCompile>
    <ClCompile Include="ScenarioListDlgModelImp.cpp">
      <Filter>Model\DAO</Filter>
    </ClCompile>
    <ClCompile Include="NoteInformationDlgModelImp.cpp">
      <Filter>Model\DAO</Filter>
    </ClCompile>
  </ItemGroup>
  <ItemGroup>
    <ResourceCompile Include="BOKOPad.rc">
      <Filter>리소스 파일</Filter>
    </ResourceCompile>
  </ItemGroup>
  <ItemGroup>
    <None Include="res\BOKOPad.rc2">
      <Filter>리소스 파일</Filter>
    </None>
    <None Include="include\sqlite3\sqlite3.def">
      <Filter>include</Filter>
    </None>
  </ItemGroup>
  <ItemGroup>
    <Image Include="res\BOKOPad.ico">
      <Filter>리소스 파일</Filter>
    </Image>
    <Image Include="res\Cal.ico">
      <Filter>리소스 파일</Filter>
    </Image>
  </ItemGroup>
</Project>