<?xml version="1.0" encoding="utf-8"?>
<Project ToolsVersion="4.0" xmlns="http://schemas.microsoft.com/developer/msbuild/2003">
  <ItemGroup>
    <Filter Include="리소스 파일">
      <UniqueIdentifier>{67DA6AB6-F800-4c08-8B7A-83BB121AAD01}</UniqueIdentifier>
      <Extensions>rc;ico;cur;bmp;dlg;rc2;rct;bin;rgs;gif;jpg;jpeg;jpe;resx;tiff;tif;png;wav;mfcribbon-ms</Extensions>
    </Filter>
    <Filter Include="Util">
      <UniqueIdentifier>{019e9355-1abf-495f-b6c1-aa73affcbd16}</UniqueIdentifier>
    </Filter>
    <Filter Include="UI">
      <UniqueIdentifier>{515e5719-c128-49ec-814c-77cdd58a51a0}</UniqueIdentifier>
    </Filter>
    <Filter Include="UI\Option">
      <UniqueIdentifier>{74236b98-087b-4ed1-b4c7-39cc173c66d7}</UniqueIdentifier>
    </Filter>
    <Filter Include="UI\Main">
      <UniqueIdentifier>{855af042-340d-4e4f-9b6e-fb821ec6843c}</UniqueIdentifier>
    </Filter>
    <Filter Include="UI\Scenario">
      <UniqueIdentifier>{7d0d78c7-ac9e-4e52-9eea-f8cb9e7fa1f5}</UniqueIdentifier>
    </Filter>
    <Filter Include="UI\Drag">
      <UniqueIdentifier>{c26f9063-ec99-412b-9858-20568bf3656f}</UniqueIdentifier>
    </Filter>
    <Filter Include="Default">
      <UniqueIdentifier>{ae71a8a3-8167-4acf-9177-d2fc6895acc2}</UniqueIdentifier>
    </Filter>
    <Filter Include="UI\Scenario\Timeline">
      <UniqueIdentifier>{d62dce94-0cef-4e05-8227-ead3c9682af7}</UniqueIdentifier>
    </Filter>
    <Filter Include="Manager">
      <UniqueIdentifier>{62975cb7-9ebb-4ed0-be2d-29b6abd4900e}</UniqueIdentifier>
    </Filter>
    <Filter Include="Manager\DBManager">
      <UniqueIdentifier>{590fb245-9a7d-4816-951e-56db7905bd9f}</UniqueIdentifier>
    </Filter>
    <Filter Include="Manager\DBManager\TransactionNameDefine">
      <UniqueIdentifier>{c294166e-fe9d-4610-a46d-c946e94a2e6e}</UniqueIdentifier>
    </Filter>
    <Filter Include="Manager\UI Manager">
      <UniqueIdentifier>{a961efcf-df52-49bf-8bb4-cb1ed56b6573}</UniqueIdentifier>
    </Filter>
    <Filter Include="UI\Scenario\OneView">
      <UniqueIdentifier>{d4af6135-4438-4046-86eb-24564c986f55}</UniqueIdentifier>
    </Filter>
    <Filter Include="Manager\LOGManager">
      <UniqueIdentifier>{bf802dc0-6bc2-4173-8274-aa855ead86d6}</UniqueIdentifier>
    </Filter>
    <Filter Include="UI\Log">
      <UniqueIdentifier>{b60f0481-0659-49fc-90ba-93748a6b3f1f}</UniqueIdentifier>
    </Filter>
    <Filter Include="Util\Excel">
      <UniqueIdentifier>{2171625f-0157-44f4-aaa8-939a21bc1e4c}</UniqueIdentifier>
    </Filter>
    <Filter Include="Util\Excel\include">
      <UniqueIdentifier>{4c856984-c0bf-4339-a270-6c34bf175a31}</UniqueIdentifier>
    </Filter>
    <Filter Include="Util\Word">
      <UniqueIdentifier>{24ab305a-dbb8-4313-9ee8-bb04b3b710cc}</UniqueIdentifier>
    </Filter>
  </ItemGroup>
  <ItemGroup>
    <ClInclude Include="BOKOOptionDlg.h">
      <Filter>UI\Option</Filter>
    </ClInclude>
    <ClInclude Include="BOKOPadDlg.h">
      <Filter>UI\Main</Filter>
    </ClInclude>
    <ClInclude Include="BOKOOptionScenarioExportDlg.h">
      <Filter>UI\Option</Filter>
    </ClInclude>
    <ClInclude Include="BOKOScenarioDetailDlg.h">
      <Filter>UI\Scenario</Filter>
    </ClInclude>
    <ClInclude Include="NoteListCtrl.h">
      <Filter>UI\Scenario</Filter>
    </ClInclude>
    <ClInclude Include="BOKODragDlg.h">
      <Filter>UI\Drag</Filter>
    </ClInclude>
    <ClInclude Include="BOKOPad.h">
      <Filter>Default</Filter>
    </ClInclude>
    <ClInclude Include="framework.h">
      <Filter>Default</Filter>
    </ClInclude>
    <ClInclude Include="pch.h">
      <Filter>Default</Filter>
    </ClInclude>
    <ClInclude Include="Resource.h">
      <Filter>Default</Filter>
    </ClInclude>
    <ClInclude Include="targetver.h">
      <Filter>Default</Filter>
    </ClInclude>
    <ClInclude Include="ScrollProcess.h">
      <Filter>UI</Filter>
    </ClInclude>
    <ClInclude Include="NoteListInterface.h">
      <Filter>UI</Filter>
    </ClInclude>
    <ClInclude Include="Timeline.h">
      <Filter>UI\Scenario\Timeline</Filter>
    </ClInclude>
    <ClInclude Include="TimelineDetail.h">
      <Filter>UI\Scenario\Timeline</Filter>
    </ClInclude>
    <ClInclude Include="TransactionNameDefine.h">
      <Filter>Manager\DBManager\TransactionNameDefine</Filter>
    </ClInclude>
    <ClInclude Include="NoteDBManager.h">
      <Filter>Manager\DBManager</Filter>
    </ClInclude>
    <ClInclude Include="NoteUIManager.h">
      <Filter>Manager\UI Manager</Filter>
    </ClInclude>
    <ClInclude Include="TimelineUIManager.h">
      <Filter>Manager\UI Manager</Filter>
    </ClInclude>
    <ClInclude Include="ScenarioUIManager.h">
      <Filter>Manager\UI Manager</Filter>
    </ClInclude>
    <ClInclude Include="ScenarioDBManager.h">
      <Filter>Manager\DBManager</Filter>
    </ClInclude>
    <ClInclude Include="TimelineDBManager.h">
      <Filter>Manager\DBManager</Filter>
    </ClInclude>
    <ClInclude Include="UIManagerManagement.h">
      <Filter>Manager\UI Manager</Filter>
    </ClInclude>
    <ClInclude Include="DBManagerManagement.h">
      <Filter>Manager\DBManager</Filter>
    </ClInclude>
    <ClInclude Include="BOKOTimelineOneViewDlg.h">
      <Filter>UI\Scenario\OneView</Filter>
    </ClInclude>
    <ClInclude Include="OneViewList.h">
      <Filter>UI\Scenario\OneView</Filter>
    </ClInclude>
    <ClInclude Include="LogManager.h">
      <Filter>Manager\LOGManager</Filter>
    </ClInclude>
    <ClInclude Include="BOKOLogViewDlg.h">
      <Filter>UI\Log</Filter>
    </ClInclude>
    <ClInclude Include="CExcel\CWindow0.h">
      <Filter>Util\Excel\include</Filter>
    </ClInclude>
    <ClInclude Include="CExcel\CWindows.h">
      <Filter>Util\Excel\include</Filter>
    </ClInclude>
    <ClInclude Include="CExcel\CWorkbook.h">
      <Filter>Util\Excel\include</Filter>
    </ClInclude>
    <ClInclude Include="CExcel\CWorkbooks.h">
      <Filter>Util\Excel\include</Filter>
    </ClInclude>
    <ClInclude Include="CExcel\CWorksheet.h">
      <Filter>Util\Excel\include</Filter>
    </ClInclude>
    <ClInclude Include="CExcel\CWorksheets.h">
      <Filter>Util\Excel\include</Filter>
    </ClInclude>
    <ClInclude Include="CExcel\CApplication.h">
      <Filter>Util\Excel\include</Filter>
    </ClInclude>
    <ClInclude Include="CExcel\CBorder.h">
      <Filter>Util\Excel\include</Filter>
    </ClInclude>
    <ClInclude Include="CExcel\CBorders.h">
      <Filter>Util\Excel\include</Filter>
    </ClInclude>
    <ClInclude Include="CExcel\CCellFormat.h">
      <Filter>Util\Excel\include</Filter>
    </ClInclude>
    <ClInclude Include="CExcel\CChart.h">
      <Filter>Util\Excel\include</Filter>
    </ClInclude>
    <ClInclude Include="CExcel\CChartColorFormat.h">
      <Filter>Util\Excel\include</Filter>
    </ClInclude>
    <ClInclude Include="CExcel\CChartFillFormat.h">
      <Filter>Util\Excel\include</Filter>
    </ClInclude>
    <ClInclude Include="CExcel\CCharts.h">
      <Filter>Util\Excel\include</Filter>
    </ClInclude>
    <ClInclude Include="CExcel\CChartTitle.h">
      <Filter>Util\Excel\include</Filter>
    </ClInclude>
    <ClInclude Include="CExcel\CFont0.h">
      <Filter>Util\Excel\include</Filter>
    </ClInclude>
    <ClInclude Include="CExcel\CHPageBreak.h">
      <Filter>Util\Excel\include</Filter>
    </ClInclude>
    <ClInclude Include="CExcel\CHPageBreaks.h">
      <Filter>Util\Excel\include</Filter>
    </ClInclude>
    <ClInclude Include="CExcel\CLegend.h">
      <Filter>Util\Excel\include</Filter>
    </ClInclude>
    <ClInclude Include="CExcel\CLegendEntry.h">
      <Filter>Util\Excel\include</Filter>
    </ClInclude>
    <ClInclude Include="CExcel\CLegendKey.h">
      <Filter>Util\Excel\include</Filter>
    </ClInclude>
    <ClInclude Include="CExcel\Cnterior.h">
      <Filter>Util\Excel\include</Filter>
    </ClInclude>
    <ClInclude Include="CExcel\CPoint0.h">
      <Filter>Util\Excel\include</Filter>
    </ClInclude>
    <ClInclude Include="CExcel\CRange.h">
      <Filter>Util\Excel\include</Filter>
    </ClInclude>
    <ClInclude Include="CExcel\CSeries.h">
      <Filter>Util\Excel\include</Filter>
    </ClInclude>
    <ClInclude Include="CExcel\CStyle.h">
      <Filter>Util\Excel\include</Filter>
    </ClInclude>
    <ClInclude Include="CExcel\CStyles.h">
      <Filter>Util\Excel\include</Filter>
    </ClInclude>
    <ClInclude Include="CExcel\CVPageBreak.h">
      <Filter>Util\Excel\include</Filter>
    </ClInclude>
    <ClInclude Include="CExcel\CVPageBreaks.h">
      <Filter>Util\Excel\include</Filter>
    </ClInclude>
    <ClInclude Include="ExcelFormat.h">
      <Filter>Util\Excel</Filter>
    </ClInclude>
    <ClInclude Include="BOKOProgressPopup.h">
      <Filter>UI\Log</Filter>
    </ClInclude>
  </ItemGroup>
  <ItemGroup>
    <ClCompile Include="BOKOOptionDlg.cpp">
      <Filter>UI\Option</Filter>
    </ClCompile>
    <ClCompile Include="BOKOPadDlg.cpp">
      <Filter>UI\Main</Filter>
    </ClCompile>
    <ClCompile Include="BOKOOptionScenarioExportDlg.cpp">
      <Filter>UI\Option</Filter>
    </ClCompile>
    <ClCompile Include="BOKOScenarioDetailDlg.cpp">
      <Filter>UI\Scenario</Filter>
    </ClCompile>
    <ClCompile Include="NoteListCtrl.cpp">
      <Filter>UI\Scenario</Filter>
    </ClCompile>
    <ClCompile Include="BOKODragDlg.cpp">
      <Filter>UI\Drag</Filter>
    </ClCompile>
    <ClCompile Include="BOKOPad.cpp">
      <Filter>Default</Filter>
    </ClCompile>
    <ClCompile Include="pch.cpp">
      <Filter>Default</Filter>
    </ClCompile>
    <ClCompile Include="ScrollProcess.cpp">
      <Filter>UI</Filter>
    </ClCompile>
    <ClCompile Include="Timeline.cpp">
      <Filter>UI\Scenario\Timeline</Filter>
    </ClCompile>
    <ClCompile Include="TimelineDetail.cpp">
      <Filter>UI\Scenario\Timeline</Filter>
    </ClCompile>
    <ClCompile Include="NoteDBManager.cpp">
      <Filter>Manager\DBManager</Filter>
    </ClCompile>
    <ClCompile Include="NoteUIManager.cpp">
      <Filter>Manager\UI Manager</Filter>
    </ClCompile>
    <ClCompile Include="TimelineUIManager.cpp">
      <Filter>Manager\UI Manager</Filter>
    </ClCompile>
    <ClCompile Include="ScenarioUIManager.cpp">
      <Filter>Manager\UI Manager</Filter>
    </ClCompile>
    <ClCompile Include="ScenarioDBManager.cpp">
      <Filter>Manager\DBManager</Filter>
    </ClCompile>
    <ClCompile Include="TimelineDBManager.cpp">
      <Filter>Manager\DBManager</Filter>
    </ClCompile>
    <ClCompile Include="UIManagerManagement.cpp">
      <Filter>Manager\UI Manager</Filter>
    </ClCompile>
    <ClCompile Include="DBManagerManagement.cpp">
      <Filter>Manager\DBManager</Filter>
    </ClCompile>
    <ClCompile Include="BOKOTimelineOneViewDlg.cpp">
      <Filter>UI\Scenario\OneView</Filter>
    </ClCompile>
    <ClCompile Include="OneViewList.cpp">
      <Filter>UI\Scenario\OneView</Filter>
    </ClCompile>
    <ClCompile Include="LogManager.cpp">
      <Filter>Manager\LOGManager</Filter>
    </ClCompile>
    <ClCompile Include="BOKOLogViewDlg.cpp">
      <Filter>UI\Log</Filter>
    </ClCompile>
    <ClCompile Include="ExcelFormat.cpp">
      <Filter>Util\Excel</Filter>
    </ClCompile>
    <ClCompile Include="BOKOProgressPopup.cpp">
      <Filter>UI\Log</Filter>
    </ClCompile>
  </ItemGroup>
  <ItemGroup>
    <ResourceCompile Include="BOKOPad.rc">
      <Filter>리소스 파일</Filter>
    </ResourceCompile>
  </ItemGroup>
  <ItemGroup>
    <None Include="res\BOKOPad.rc2">
      <Filter>리소스 파일</Filter>
    </None>
  </ItemGroup>
  <ItemGroup>
    <Image Include="res\BOKOPad.ico">
      <Filter>리소스 파일</Filter>
    </Image>
    <Image Include="res\Cal.ico">
      <Filter>리소스 파일</Filter>
    </Image>
  </ItemGroup>
</Project>