<?xml version="1.0" encoding="utf-8"?>
<Project ToolsVersion="4.0" xmlns="http://schemas.microsoft.com/developer/msbuild/2003">
  <ItemGroup>
    <Filter Include="소스 파일">
      <UniqueIdentifier>{4FC737F1-C7A5-4376-A066-2A32D752A2FF}</UniqueIdentifier>
      <Extensions>cpp;c;cc;cxx;def;odl;idl;hpj;bat;asm;asmx</Extensions>
    </Filter>
    <Filter Include="헤더 파일">
      <UniqueIdentifier>{93995380-89BD-4b04-88EB-625FBE52EBFB}</UniqueIdentifier>
      <Extensions>h;hh;hpp;hxx;hm;inl;inc;ipp;xsd</Extensions>
    </Filter>
    <Filter Include="리소스 파일">
      <UniqueIdentifier>{67DA6AB6-F800-4c08-8B7A-83BB121AAD01}</UniqueIdentifier>
      <Extensions>rc;ico;cur;bmp;dlg;rc2;rct;bin;rgs;gif;jpg;jpeg;jpe;resx;tiff;tif;png;wav;mfcribbon-ms</Extensions>
    </Filter>
    <Filter Include="DragProcess">
      <UniqueIdentifier>{5465db31-a62d-4414-995f-0bf7e0650a96}</UniqueIdentifier>
    </Filter>
    <Filter Include="TimelineProcess">
      <UniqueIdentifier>{de813654-7209-436d-8937-d0c5bab017c3}</UniqueIdentifier>
    </Filter>
    <Filter Include="NoteProcess">
      <UniqueIdentifier>{09b91b03-8c36-4152-9684-15fbb8a5e349}</UniqueIdentifier>
    </Filter>
    <Filter Include="Stage">
      <UniqueIdentifier>{d6ceb965-ba8e-4095-abca-714d3c4d7d2a}</UniqueIdentifier>
    </Filter>
  </ItemGroup>
  <ItemGroup>
    <ClInclude Include="framework.h">
      <Filter>헤더 파일</Filter>
    </ClInclude>
    <ClInclude Include="pch.h">
      <Filter>헤더 파일</Filter>
    </ClInclude>
    <ClInclude Include="TimelineProcess.h">
      <Filter>TimelineProcess</Filter>
    </ClInclude>
    <ClInclude Include="commonInclude.h">
      <Filter>헤더 파일</Filter>
    </ClInclude>
    <ClInclude Include="NoteProcess.h">
      <Filter>NoteProcess</Filter>
    </ClInclude>
    <ClInclude Include="DragProcess.h">
      <Filter>DragProcess</Filter>
    </ClInclude>
    <ClInclude Include="ProcessStage.h">
      <Filter>Stage</Filter>
    </ClInclude>
  </ItemGroup>
  <ItemGroup>
    <ClCompile Include="dllmain.cpp">
      <Filter>소스 파일</Filter>
    </ClCompile>
    <ClCompile Include="pch.cpp">
      <Filter>소스 파일</Filter>
    </ClCompile>
    <ClCompile Include="TimelineProcess.cpp">
      <Filter>TimelineProcess</Filter>
    </ClCompile>
    <ClCompile Include="NoteProcess.cpp">
      <Filter>NoteProcess</Filter>
    </ClCompile>
    <ClCompile Include="DragProcess.cpp">
      <Filter>DragProcess</Filter>
    </ClCompile>
    <ClCompile Include="ProcessStage.cpp">
      <Filter>Stage</Filter>
    </ClCompile>
  </ItemGroup>
</Project>